// !$*UTF8*$!
{
	archiveVersion = 1;
	classes = {
	};
	objectVersion = 51;
	objects = {

/* Begin PBXBuildFile section */
		8557525523CC5C7A00833205 /* AppDelegate.m in Sources */ = {isa = PBXBuildFile; fileRef = 8557525423CC5C7A00833205 /* AppDelegate.m */; };
		8557525823CC5C7A00833205 /* SceneDelegate.m in Sources */ = {isa = PBXBuildFile; fileRef = 8557525723CC5C7A00833205 /* SceneDelegate.m */; };
		8557525B23CC5C7A00833205 /* ViewController.m in Sources */ = {isa = PBXBuildFile; fileRef = 8557525A23CC5C7A00833205 /* ViewController.m */; };
		8557525E23CC5C7A00833205 /* Main.storyboard in Resources */ = {isa = PBXBuildFile; fileRef = 8557525C23CC5C7A00833205 /* Main.storyboard */; };
		8557526023CC5C7B00833205 /* Assets.xcassets in Resources */ = {isa = PBXBuildFile; fileRef = 8557525F23CC5C7B00833205 /* Assets.xcassets */; };
		8557526323CC5C7B00833205 /* LaunchScreen.storyboard in Resources */ = {isa = PBXBuildFile; fileRef = 8557526123CC5C7B00833205 /* LaunchScreen.storyboard */; };
		8557526623CC5C7B00833205 /* main.m in Sources */ = {isa = PBXBuildFile; fileRef = 8557526523CC5C7B00833205 /* main.m */; };
		8557526E23CC73F100833205 /* XYAppLifeCycleController.m in Sources */ = {isa = PBXBuildFile; fileRef = 8557526D23CC73F100833205 /* XYAppLifeCycleController.m */; };
		8557527123CC7AEE00833205 /* XYChainMethodController.m in Sources */ = {isa = PBXBuildFile; fileRef = 8557527023CC7AEE00833205 /* XYChainMethodController.m */; };
		8557527823CC7F3C00833205 /* Calculator.m in Sources */ = {isa = PBXBuildFile; fileRef = 8557527723CC7F3C00833205 /* Calculator.m */; };
		8557527B23CC7FF900833205 /* CalculatorMaker.m in Sources */ = {isa = PBXBuildFile; fileRef = 8557527A23CC7FF900833205 /* CalculatorMaker.m */; };
		8557528023CC9BA700833205 /* XYRACEasyUseController.m in Sources */ = {isa = PBXBuildFile; fileRef = 8557527F23CC9BA700833205 /* XYRACEasyUseController.m */; };
		8557528423CDE3D400833205 /* XYFPSController.m in Sources */ = {isa = PBXBuildFile; fileRef = 8557528323CDE3D300833205 /* XYFPSController.m */; };
		8557528723CDEC6100833205 /* XYFPSCell.m in Sources */ = {isa = PBXBuildFile; fileRef = 8557528623CDEC6100833205 /* XYFPSCell.m */; };
		AD6F844AA0AF7202F5ECA477 /* Pods_IOSPractice.framework in Frameworks */ = {isa = PBXBuildFile; fileRef = 8E2A109E8A5C4F4205B9E244 /* Pods_IOSPractice.framework */; };
/* End PBXBuildFile section */

/* Begin PBXFileReference section */
		477525851E1FBD8EE60C2F76 /* Pods-IOSPractice.debug.xcconfig */ = {isa = PBXFileReference; includeInIndex = 1; lastKnownFileType = text.xcconfig; name = "Pods-IOSPractice.debug.xcconfig"; path = "Target Support Files/Pods-IOSPractice/Pods-IOSPractice.debug.xcconfig"; sourceTree = "<group>"; };
		8557525023CC5C7A00833205 /* IOSPractice.app */ = {isa = PBXFileReference; explicitFileType = wrapper.application; includeInIndex = 0; path = IOSPractice.app; sourceTree = BUILT_PRODUCTS_DIR; };
		8557525323CC5C7A00833205 /* AppDelegate.h */ = {isa = PBXFileReference; lastKnownFileType = sourcecode.c.h; path = AppDelegate.h; sourceTree = "<group>"; };
		8557525423CC5C7A00833205 /* AppDelegate.m */ = {isa = PBXFileReference; lastKnownFileType = sourcecode.c.objc; path = AppDelegate.m; sourceTree = "<group>"; };
		8557525623CC5C7A00833205 /* SceneDelegate.h */ = {isa = PBXFileReference; lastKnownFileType = sourcecode.c.h; path = SceneDelegate.h; sourceTree = "<group>"; };
		8557525723CC5C7A00833205 /* SceneDelegate.m */ = {isa = PBXFileReference; lastKnownFileType = sourcecode.c.objc; path = SceneDelegate.m; sourceTree = "<group>"; };
		8557525923CC5C7A00833205 /* ViewController.h */ = {isa = PBXFileReference; lastKnownFileType = sourcecode.c.h; path = ViewController.h; sourceTree = "<group>"; };
		8557525A23CC5C7A00833205 /* ViewController.m */ = {isa = PBXFileReference; lastKnownFileType = sourcecode.c.objc; path = ViewController.m; sourceTree = "<group>"; };
		8557525D23CC5C7A00833205 /* Base */ = {isa = PBXFileReference; lastKnownFileType = file.storyboard; name = Base; path = Base.lproj/Main.storyboard; sourceTree = "<group>"; };
		8557525F23CC5C7B00833205 /* Assets.xcassets */ = {isa = PBXFileReference; lastKnownFileType = folder.assetcatalog; path = Assets.xcassets; sourceTree = "<group>"; };
		8557526223CC5C7B00833205 /* Base */ = {isa = PBXFileReference; lastKnownFileType = file.storyboard; name = Base; path = Base.lproj/LaunchScreen.storyboard; sourceTree = "<group>"; };
		8557526423CC5C7B00833205 /* Info.plist */ = {isa = PBXFileReference; lastKnownFileType = text.plist.xml; path = Info.plist; sourceTree = "<group>"; };
		8557526523CC5C7B00833205 /* main.m */ = {isa = PBXFileReference; lastKnownFileType = sourcecode.c.objc; path = main.m; sourceTree = "<group>"; };
		8557526C23CC73F100833205 /* XYAppLifeCycleController.h */ = {isa = PBXFileReference; lastKnownFileType = sourcecode.c.h; path = XYAppLifeCycleController.h; sourceTree = "<group>"; };
		8557526D23CC73F100833205 /* XYAppLifeCycleController.m */ = {isa = PBXFileReference; lastKnownFileType = sourcecode.c.objc; path = XYAppLifeCycleController.m; sourceTree = "<group>"; };
		8557526F23CC7AEE00833205 /* XYChainMethodController.h */ = {isa = PBXFileReference; lastKnownFileType = sourcecode.c.h; path = XYChainMethodController.h; sourceTree = "<group>"; };
		8557527023CC7AEE00833205 /* XYChainMethodController.m */ = {isa = PBXFileReference; lastKnownFileType = sourcecode.c.objc; path = XYChainMethodController.m; sourceTree = "<group>"; };
		8557527623CC7F3C00833205 /* Calculator.h */ = {isa = PBXFileReference; lastKnownFileType = sourcecode.c.h; path = Calculator.h; sourceTree = "<group>"; };
		8557527723CC7F3C00833205 /* Calculator.m */ = {isa = PBXFileReference; lastKnownFileType = sourcecode.c.objc; path = Calculator.m; sourceTree = "<group>"; };
		8557527923CC7FF900833205 /* CalculatorMaker.h */ = {isa = PBXFileReference; lastKnownFileType = sourcecode.c.h; path = CalculatorMaker.h; sourceTree = "<group>"; };
		8557527A23CC7FF900833205 /* CalculatorMaker.m */ = {isa = PBXFileReference; lastKnownFileType = sourcecode.c.objc; path = CalculatorMaker.m; sourceTree = "<group>"; };
		8557527E23CC9BA700833205 /* XYRACEasyUseController.h */ = {isa = PBXFileReference; lastKnownFileType = sourcecode.c.h; path = XYRACEasyUseController.h; sourceTree = "<group>"; };
		8557527F23CC9BA700833205 /* XYRACEasyUseController.m */ = {isa = PBXFileReference; lastKnownFileType = sourcecode.c.objc; path = XYRACEasyUseController.m; sourceTree = "<group>"; };
		8557528223CDE3D300833205 /* XYFPSController.h */ = {isa = PBXFileReference; lastKnownFileType = sourcecode.c.h; path = XYFPSController.h; sourceTree = "<group>"; };
		8557528323CDE3D300833205 /* XYFPSController.m */ = {isa = PBXFileReference; lastKnownFileType = sourcecode.c.objc; path = XYFPSController.m; sourceTree = "<group>"; };
		8557528523CDEC6100833205 /* XYFPSCell.h */ = {isa = PBXFileReference; lastKnownFileType = sourcecode.c.h; path = XYFPSCell.h; sourceTree = "<group>"; };
		8557528623CDEC6100833205 /* XYFPSCell.m */ = {isa = PBXFileReference; lastKnownFileType = sourcecode.c.objc; path = XYFPSCell.m; sourceTree = "<group>"; };
		8E2A109E8A5C4F4205B9E244 /* Pods_IOSPractice.framework */ = {isa = PBXFileReference; explicitFileType = wrapper.framework; includeInIndex = 0; path = Pods_IOSPractice.framework; sourceTree = BUILT_PRODUCTS_DIR; };
		F1778686FA7FB711BFDF0ECE /* Pods-IOSPractice.release.xcconfig */ = {isa = PBXFileReference; includeInIndex = 1; lastKnownFileType = text.xcconfig; name = "Pods-IOSPractice.release.xcconfig"; path = "Target Support Files/Pods-IOSPractice/Pods-IOSPractice.release.xcconfig"; sourceTree = "<group>"; };
/* End PBXFileReference section */

/* Begin PBXFrameworksBuildPhase section */
		8557524D23CC5C7A00833205 /* Frameworks */ = {
			isa = PBXFrameworksBuildPhase;
			buildActionMask = 2147483647;
			files = (
				AD6F844AA0AF7202F5ECA477 /* Pods_IOSPractice.framework in Frameworks */,
			);
			runOnlyForDeploymentPostprocessing = 0;
		};
/* End PBXFrameworksBuildPhase section */

/* Begin PBXGroup section */
		47494A148AC0F20D1B9CA590 /* Pods */ = {
			isa = PBXGroup;
			children = (
				477525851E1FBD8EE60C2F76 /* Pods-IOSPractice.debug.xcconfig */,
				F1778686FA7FB711BFDF0ECE /* Pods-IOSPractice.release.xcconfig */,
			);
			path = Pods;
			sourceTree = "<group>";
		};
		8557524723CC5C7A00833205 = {
			isa = PBXGroup;
			children = (
				8557525223CC5C7A00833205 /* IOSPractice */,
				8557525123CC5C7A00833205 /* Products */,
				47494A148AC0F20D1B9CA590 /* Pods */,
				8FB3DA8148FF2E2EBAB18BBF /* Frameworks */,
			);
			sourceTree = "<group>";
		};
		8557525123CC5C7A00833205 /* Products */ = {
			isa = PBXGroup;
			children = (
				8557525023CC5C7A00833205 /* IOSPractice.app */,
			);
			name = Products;
			sourceTree = "<group>";
		};
		8557525223CC5C7A00833205 /* IOSPractice */ = {
			isa = PBXGroup;
			children = (
				8557528123CDE3BD00833205 /* FPS指示器实现 */,
				8557527D23CC9B5500833205 /* RAC简单使用 */,
				8557527C23CC91AE00833205 /* App生命周期 */,
				8557527223CC7B1700833205 /* 链式编程Demo */,
				8557525323CC5C7A00833205 /* AppDelegate.h */,
				8557525423CC5C7A00833205 /* AppDelegate.m */,
				8557525623CC5C7A00833205 /* SceneDelegate.h */,
				8557525723CC5C7A00833205 /* SceneDelegate.m */,
				8557525923CC5C7A00833205 /* ViewController.h */,
				8557525A23CC5C7A00833205 /* ViewController.m */,
				8557525C23CC5C7A00833205 /* Main.storyboard */,
				8557525F23CC5C7B00833205 /* Assets.xcassets */,
				8557526123CC5C7B00833205 /* LaunchScreen.storyboard */,
				8557526423CC5C7B00833205 /* Info.plist */,
				8557526523CC5C7B00833205 /* main.m */,
			);
			path = IOSPractice;
			sourceTree = "<group>";
		};
		8557527223CC7B1700833205 /* 链式编程Demo */ = {
			isa = PBXGroup;
			children = (
				8557526F23CC7AEE00833205 /* XYChainMethodController.h */,
				8557527023CC7AEE00833205 /* XYChainMethodController.m */,
				8557527623CC7F3C00833205 /* Calculator.h */,
				8557527723CC7F3C00833205 /* Calculator.m */,
				8557527923CC7FF900833205 /* CalculatorMaker.h */,
				8557527A23CC7FF900833205 /* CalculatorMaker.m */,
			);
			path = "链式编程Demo";
			sourceTree = "<group>";
		};
		8557527C23CC91AE00833205 /* App生命周期 */ = {
			isa = PBXGroup;
			children = (
				8557526C23CC73F100833205 /* XYAppLifeCycleController.h */,
				8557526D23CC73F100833205 /* XYAppLifeCycleController.m */,
			);
			path = "App生命周期";
			sourceTree = "<group>";
		};
		8557527D23CC9B5500833205 /* RAC简单使用 */ = {
			isa = PBXGroup;
			children = (
				8557527E23CC9BA700833205 /* XYRACEasyUseController.h */,
				8557527F23CC9BA700833205 /* XYRACEasyUseController.m */,
			);
			path = "RAC简单使用";
			sourceTree = "<group>";
		};
		8557528123CDE3BD00833205 /* FPS指示器实现 */ = {
			isa = PBXGroup;
			children = (
				8557528223CDE3D300833205 /* XYFPSController.h */,
				8557528323CDE3D300833205 /* XYFPSController.m */,
				8557528523CDEC6100833205 /* XYFPSCell.h */,
				8557528623CDEC6100833205 /* XYFPSCell.m */,
			);
			path = "FPS指示器实现";
			sourceTree = "<group>";
		};
		8FB3DA8148FF2E2EBAB18BBF /* Frameworks */ = {
			isa = PBXGroup;
			children = (
				8E2A109E8A5C4F4205B9E244 /* Pods_IOSPractice.framework */,
			);
			name = Frameworks;
			sourceTree = "<group>";
		};
/* End PBXGroup section */

/* Begin PBXNativeTarget section */
		8557524F23CC5C7A00833205 /* IOSPractice */ = {
			isa = PBXNativeTarget;
			buildConfigurationList = 8557526923CC5C7B00833205 /* Build configuration list for PBXNativeTarget "IOSPractice" */;
			buildPhases = (
				3B45DFD2714FDCFF2439F730 /* [CP] Check Pods Manifest.lock */,
				8557524C23CC5C7A00833205 /* Sources */,
				8557524D23CC5C7A00833205 /* Frameworks */,
				8557524E23CC5C7A00833205 /* Resources */,
				31C22F2F0E2EAA9C3BA64635 /* [CP] Embed Pods Frameworks */,
			);
			buildRules = (
			);
			dependencies = (
			);
			name = IOSPractice;
			productName = IOSPractice;
			productReference = 8557525023CC5C7A00833205 /* IOSPractice.app */;
			productType = "com.apple.product-type.application";
		};
/* End PBXNativeTarget section */

/* Begin PBXProject section */
		8557524823CC5C7A00833205 /* Project object */ = {
			isa = PBXProject;
			attributes = {
				LastUpgradeCheck = 1130;
				ORGANIZATIONNAME = quxiangyu;
				TargetAttributes = {
					8557524F23CC5C7A00833205 = {
						CreatedOnToolsVersion = 11.3;
					};
				};
			};
			buildConfigurationList = 8557524B23CC5C7A00833205 /* Build configuration list for PBXProject "IOSPractice" */;
			compatibilityVersion = "Xcode 9.3";
			developmentRegion = en;
			hasScannedForEncodings = 0;
			knownRegions = (
				en,
				Base,
			);
			mainGroup = 8557524723CC5C7A00833205;
			productRefGroup = 8557525123CC5C7A00833205 /* Products */;
			projectDirPath = "";
			projectRoot = "";
			targets = (
				8557524F23CC5C7A00833205 /* IOSPractice */,
			);
		};
/* End PBXProject section */

/* Begin PBXResourcesBuildPhase section */
		8557524E23CC5C7A00833205 /* Resources */ = {
			isa = PBXResourcesBuildPhase;
			buildActionMask = 2147483647;
			files = (
				8557526323CC5C7B00833205 /* LaunchScreen.storyboard in Resources */,
				8557526023CC5C7B00833205 /* Assets.xcassets in Resources */,
				8557525E23CC5C7A00833205 /* Main.storyboard in Resources */,
			);
			runOnlyForDeploymentPostprocessing = 0;
		};
/* End PBXResourcesBuildPhase section */

/* Begin PBXShellScriptBuildPhase section */
		31C22F2F0E2EAA9C3BA64635 /* [CP] Embed Pods Frameworks */ = {
			isa = PBXShellScriptBuildPhase;
			buildActionMask = 2147483647;
			files = (
			);
			inputFileListPaths = (
				"${PODS_ROOT}/Target Support Files/Pods-IOSPractice/Pods-IOSPractice-frameworks-${CONFIGURATION}-input-files.xcfilelist",
			);
			name = "[CP] Embed Pods Frameworks";
			outputFileListPaths = (
				"${PODS_ROOT}/Target Support Files/Pods-IOSPractice/Pods-IOSPractice-frameworks-${CONFIGURATION}-output-files.xcfilelist",
			);
			runOnlyForDeploymentPostprocessing = 0;
			shellPath = /bin/sh;
			shellScript = "\"${PODS_ROOT}/Target Support Files/Pods-IOSPractice/Pods-IOSPractice-frameworks.sh\"\n";
			showEnvVarsInLog = 0;
		};
		3B45DFD2714FDCFF2439F730 /* [CP] Check Pods Manifest.lock */ = {
			isa = PBXShellScriptBuildPhase;
			buildActionMask = 2147483647;
			files = (
			);
			inputFileListPaths = (
			);
			inputPaths = (
				"${PODS_PODFILE_DIR_PATH}/Podfile.lock",
				"${PODS_ROOT}/Manifest.lock",
			);
			name = "[CP] Check Pods Manifest.lock";
			outputFileListPaths = (
			);
			outputPaths = (
				"$(DERIVED_FILE_DIR)/Pods-IOSPractice-checkManifestLockResult.txt",
			);
			runOnlyForDeploymentPostprocessing = 0;
			shellPath = /bin/sh;
			shellScript = "diff \"${PODS_PODFILE_DIR_PATH}/Podfile.lock\" \"${PODS_ROOT}/Manifest.lock\" > /dev/null\nif [ $? != 0 ] ; then\n    # print error to STDERR\n    echo \"error: The sandbox is not in sync with the Podfile.lock. Run 'pod install' or update your CocoaPods installation.\" >&2\n    exit 1\nfi\n# This output is used by Xcode 'outputs' to avoid re-running this script phase.\necho \"SUCCESS\" > \"${SCRIPT_OUTPUT_FILE_0}\"\n";
			showEnvVarsInLog = 0;
		};
/* End PBXShellScriptBuildPhase section */

/* Begin PBXSourcesBuildPhase section */
		8557524C23CC5C7A00833205 /* Sources */ = {
			isa = PBXSourcesBuildPhase;
			buildActionMask = 2147483647;
			files = (
				8557525B23CC5C7A00833205 /* ViewController.m in Sources */,
				8557525523CC5C7A00833205 /* AppDelegate.m in Sources */,
				8557528423CDE3D400833205 /* XYFPSController.m in Sources */,
				8557526623CC5C7B00833205 /* main.m in Sources */,
				8557527823CC7F3C00833205 /* Calculator.m in Sources */,
				8557528723CDEC6100833205 /* XYFPSCell.m in Sources */,
				8557528023CC9BA700833205 /* XYRACEasyUseController.m in Sources */,
				8557526E23CC73F100833205 /* XYAppLifeCycleController.m in Sources */,
				8557525823CC5C7A00833205 /* SceneDelegate.m in Sources */,
				8557527B23CC7FF900833205 /* CalculatorMaker.m in Sources */,
				8557527123CC7AEE00833205 /* XYChainMethodController.m in Sources */,
			);
			runOnlyForDeploymentPostprocessing = 0;
		};
/* End PBXSourcesBuildPhase section */

/* Begin PBXVariantGroup section */
		8557525C23CC5C7A00833205 /* Main.storyboard */ = {
			isa = PBXVariantGroup;
			children = (
				8557525D23CC5C7A00833205 /* Base */,
			);
			name = Main.storyboard;
			sourceTree = "<group>";
		};
		8557526123CC5C7B00833205 /* LaunchScreen.storyboard */ = {
			isa = PBXVariantGroup;
			children = (
				8557526223CC5C7B00833205 /* Base */,
			);
			name = LaunchScreen.storyboard;
			sourceTree = "<group>";
		};
/* End PBXVariantGroup section */

/* Begin XCBuildConfiguration section */
		8557526723CC5C7B00833205 /* Debug */ = {
			isa = XCBuildConfiguration;
			buildSettings = {
				ALWAYS_SEARCH_USER_PATHS = NO;
				CLANG_ANALYZER_NONNULL = YES;
				CLANG_ANALYZER_NUMBER_OBJECT_CONVERSION = YES_AGGRESSIVE;
				CLANG_CXX_LANGUAGE_STANDARD = "gnu++14";
				CLANG_CXX_LIBRARY = "libc++";
				CLANG_ENABLE_MODULES = YES;
				CLANG_ENABLE_OBJC_ARC = YES;
				CLANG_ENABLE_OBJC_WEAK = YES;
				CLANG_WARN_BLOCK_CAPTURE_AUTORELEASING = YES;
				CLANG_WARN_BOOL_CONVERSION = YES;
				CLANG_WARN_COMMA = YES;
				CLANG_WARN_CONSTANT_CONVERSION = YES;
				CLANG_WARN_DEPRECATED_OBJC_IMPLEMENTATIONS = YES;
				CLANG_WARN_DIRECT_OBJC_ISA_USAGE = YES_ERROR;
				CLANG_WARN_DOCUMENTATION_COMMENTS = YES;
				CLANG_WARN_EMPTY_BODY = YES;
				CLANG_WARN_ENUM_CONVERSION = YES;
				CLANG_WARN_INFINITE_RECURSION = YES;
				CLANG_WARN_INT_CONVERSION = YES;
				CLANG_WARN_NON_LITERAL_NULL_CONVERSION = YES;
				CLANG_WARN_OBJC_IMPLICIT_RETAIN_SELF = YES;
				CLANG_WARN_OBJC_LITERAL_CONVERSION = YES;
				CLANG_WARN_OBJC_ROOT_CLASS = YES_ERROR;
				CLANG_WARN_RANGE_LOOP_ANALYSIS = YES;
				CLANG_WARN_STRICT_PROTOTYPES = YES;
				CLANG_WARN_SUSPICIOUS_MOVE = YES;
				CLANG_WARN_UNGUARDED_AVAILABILITY = YES_AGGRESSIVE;
				CLANG_WARN_UNREACHABLE_CODE = YES;
				CLANG_WARN__DUPLICATE_METHOD_MATCH = YES;
				COPY_PHASE_STRIP = NO;
				DEBUG_INFORMATION_FORMAT = dwarf;
				ENABLE_STRICT_OBJC_MSGSEND = YES;
				ENABLE_TESTABILITY = YES;
				GCC_C_LANGUAGE_STANDARD = gnu11;
				GCC_DYNAMIC_NO_PIC = NO;
				GCC_NO_COMMON_BLOCKS = YES;
				GCC_OPTIMIZATION_LEVEL = 0;
				GCC_PREPROCESSOR_DEFINITIONS = (
					"DEBUG=1",
					"$(inherited)",
				);
				GCC_WARN_64_TO_32_BIT_CONVERSION = YES;
				GCC_WARN_ABOUT_RETURN_TYPE = YES_ERROR;
				GCC_WARN_UNDECLARED_SELECTOR = YES;
				GCC_WARN_UNINITIALIZED_AUTOS = YES_AGGRESSIVE;
				GCC_WARN_UNUSED_FUNCTION = YES;
				GCC_WARN_UNUSED_VARIABLE = YES;
				IPHONEOS_DEPLOYMENT_TARGET = 13.2;
				MTL_ENABLE_DEBUG_INFO = INCLUDE_SOURCE;
				MTL_FAST_MATH = YES;
				ONLY_ACTIVE_ARCH = YES;
				SDKROOT = iphoneos;
			};
			name = Debug;
		};
		8557526823CC5C7B00833205 /* Release */ = {
			isa = XCBuildConfiguration;
			buildSettings = {
				ALWAYS_SEARCH_USER_PATHS = NO;
				CLANG_ANALYZER_NONNULL = YES;
				CLANG_ANALYZER_NUMBER_OBJECT_CONVERSION = YES_AGGRESSIVE;
				CLANG_CXX_LANGUAGE_STANDARD = "gnu++14";
				CLANG_CXX_LIBRARY = "libc++";
				CLANG_ENABLE_MODULES = YES;
				CLANG_ENABLE_OBJC_ARC = YES;
				CLANG_ENABLE_OBJC_WEAK = YES;
				CLANG_WARN_BLOCK_CAPTURE_AUTORELEASING = YES;
				CLANG_WARN_BOOL_CONVERSION = YES;
				CLANG_WARN_COMMA = YES;
				CLANG_WARN_CONSTANT_CONVERSION = YES;
				CLANG_WARN_DEPRECATED_OBJC_IMPLEMENTATIONS = YES;
				CLANG_WARN_DIRECT_OBJC_ISA_USAGE = YES_ERROR;
				CLANG_WARN_DOCUMENTATION_COMMENTS = YES;
				CLANG_WARN_EMPTY_BODY = YES;
				CLANG_WARN_ENUM_CONVERSION = YES;
				CLANG_WARN_INFINITE_RECURSION = YES;
				CLANG_WARN_INT_CONVERSION = YES;
				CLANG_WARN_NON_LITERAL_NULL_CONVERSION = YES;
				CLANG_WARN_OBJC_IMPLICIT_RETAIN_SELF = YES;
				CLANG_WARN_OBJC_LITERAL_CONVERSION = YES;
				CLANG_WARN_OBJC_ROOT_CLASS = YES_ERROR;
				CLANG_WARN_RANGE_LOOP_ANALYSIS = YES;
				CLANG_WARN_STRICT_PROTOTYPES = YES;
				CLANG_WARN_SUSPICIOUS_MOVE = YES;
				CLANG_WARN_UNGUARDED_AVAILABILITY = YES_AGGRESSIVE;
				CLANG_WARN_UNREACHABLE_CODE = YES;
				CLANG_WARN__DUPLICATE_METHOD_MATCH = YES;
				COPY_PHASE_STRIP = NO;
				DEBUG_INFORMATION_FORMAT = "dwarf-with-dsym";
				ENABLE_NS_ASSERTIONS = NO;
				ENABLE_STRICT_OBJC_MSGSEND = YES;
				GCC_C_LANGUAGE_STANDARD = gnu11;
				GCC_NO_COMMON_BLOCKS = YES;
				GCC_WARN_64_TO_32_BIT_CONVERSION = YES;
				GCC_WARN_ABOUT_RETURN_TYPE = YES_ERROR;
				GCC_WARN_UNDECLARED_SELECTOR = YES;
				GCC_WARN_UNINITIALIZED_AUTOS = YES_AGGRESSIVE;
				GCC_WARN_UNUSED_FUNCTION = YES;
				GCC_WARN_UNUSED_VARIABLE = YES;
				IPHONEOS_DEPLOYMENT_TARGET = 13.2;
				MTL_ENABLE_DEBUG_INFO = NO;
				MTL_FAST_MATH = YES;
				SDKROOT = iphoneos;
				VALIDATE_PRODUCT = YES;
			};
			name = Release;
		};
		8557526A23CC5C7B00833205 /* Debug */ = {
			isa = XCBuildConfiguration;
			baseConfigurationReference = 477525851E1FBD8EE60C2F76 /* Pods-IOSPractice.debug.xcconfig */;
			buildSettings = {
				ASSETCATALOG_COMPILER_APPICON_NAME = AppIcon;
				CODE_SIGN_STYLE = Automatic;
				DEVELOPMENT_TEAM = 42VW94SVZ4;
				INFOPLIST_FILE = IOSPractice/Info.plist;
				LD_RUNPATH_SEARCH_PATHS = (
					"$(inherited)",
					"@executable_path/Frameworks",
				);
				PRODUCT_BUNDLE_IDENTIFIER = com.quxiangyu.IOSPractice;
				PRODUCT_NAME = "$(TARGET_NAME)";
				TARGETED_DEVICE_FAMILY = "1,2";
			};
			name = Debug;
		};
		8557526B23CC5C7B00833205 /* Release */ = {
			isa = XCBuildConfiguration;
			baseConfigurationReference = F1778686FA7FB711BFDF0ECE /* Pods-IOSPractice.release.xcconfig */;
			buildSettings = {
				ASSETCATALOG_COMPILER_APPICON_NAME = AppIcon;
				CODE_SIGN_STYLE = Automatic;
				DEVELOPMENT_TEAM = 42VW94SVZ4;
				INFOPLIST_FILE = IOSPractice/Info.plist;
				LD_RUNPATH_SEARCH_PATHS = (
					"$(inherited)",
					"@executable_path/Frameworks",
				);
				PRODUCT_BUNDLE_IDENTIFIER = com.quxiangyu.IOSPractice;
				PRODUCT_NAME = "$(TARGET_NAME)";
				TARGETED_DEVICE_FAMILY = "1,2";
			};
			name = Release;
		};
/* End XCBuildConfiguration section */

/* Begin XCConfigurationList section */
		8557524B23CC5C7A00833205 /* Build configuration list for PBXProject "IOSPractice" */ = {
			isa = XCConfigurationList;
			buildConfigurations = (
				8557526723CC5C7B00833205 /* Debug */,
				8557526823CC5C7B00833205 /* Release */,
			);
			defaultConfigurationIsVisible = 0;
			defaultConfigurationName = Release;
		};
		8557526923CC5C7B00833205 /* Build configuration list for PBXNativeTarget "IOSPractice" */ = {
			isa = XCConfigurationList;
			buildConfigurations = (
				8557526A23CC5C7B00833205 /* Debug */,
				8557526B23CC5C7B00833205 /* Release */,
			);
			defaultConfigurationIsVisible = 0;
			defaultConfigurationName = Release;
		};
/* End XCConfigurationList section */
	};
	rootObject = 8557524823CC5C7A00833205 /* Project object */;
}
